
Microsoft Visual Studio Solution File, Format Version 12.00
# Visual Studio Version 17
VisualStudioVersion = 17.4.33213.308
MinimumVisualStudioVersion = 10.0.40219.1
Project("{9A19103F-16F7-4668-BE54-9A1E7A4F7556}") = "Projet_7", "Projet_7\Projet_7.csproj", "{76A06E0D-AC54-43D1-B7DC-AC2FC32371F4}"
EndProject
Project("{9A19103F-16F7-4668-BE54-9A1E7A4F7556}") = "TestProject1", "TestProject1\TestProject1.csproj", "{2B279FA4-C97F-4B58-A8A5-93708FEB0713}"
EndProject
Global
	GlobalSection(SolutionConfigurationPlatforms) = preSolution
		Debug|Any CPU = Debug|Any CPU
		Release|Any CPU = Release|Any CPU
	EndGlobalSection
	GlobalSection(ProjectConfigurationPlatforms) = postSolution
		{76A06E0D-AC54-43D1-B7DC-AC2FC32371F4}.Debug|Any CPU.ActiveCfg = Debug|Any CPU
		{76A06E0D-AC54-43D1-B7DC-AC2FC32371F4}.Debug|Any CPU.Build.0 = Debug|Any CPU
		{76A06E0D-AC54-43D1-B7DC-AC2FC32371F4}.Release|Any CPU.ActiveCfg = Release|Any CPU
		{76A06E0D-AC54-43D1-B7DC-AC2FC32371F4}.Release|Any CPU.Build.0 = Release|Any CPU
		{2B279FA4-C97F-4B58-A8A5-93708FEB0713}.Debug|Any CPU.ActiveCfg = Debug|Any CPU
		{2B279FA4-C97F-4B58-A8A5-93708FEB0713}.Debug|Any CPU.Build.0 = Debug|Any CPU
		{2B279FA4-C97F-4B58-A8A5-93708FEB0713}.Release|Any CPU.ActiveCfg = Release|Any CPU
		{2B279FA4-C97F-4B58-A8A5-93708FEB0713}.Release|Any CPU.Build.0 = Release|Any CPU
	EndGlobalSection
	GlobalSection(SolutionProperties) = preSolution
		HideSolutionNode = FALSE
	EndGlobalSection
	GlobalSection(ExtensibilityGlobals) = postSolution
		SolutionGuid = {366E28A4-B63D-465D-B28D-0DC954DA024B}
	EndGlobalSection
EndGlobal
